
Microsoft Visual Studio Solution File, Format Version 12.00
# Visual Studio 15
VisualStudioVersion = 15.0.28307.572
MinimumVisualStudioVersion = 10.0.40219.1
Project("{FAE04EC0-301F-11D3-BF4B-00C04F79EFBC}") = "LoanConsoleApplication", "LoanConsoleApplication\LoanConsoleApplication.csproj", "{0096BE54-9054-4692-BE4E-7B1ED3D77761}"
EndProject
Global
	GlobalSection(SolutionConfigurationPlatforms) = preSolution
		Debug|Any CPU = Debug|Any CPU
		Release|Any CPU = Release|Any CPU
	EndGlobalSection
	GlobalSection(ProjectConfigurationPlatforms) = postSolution
		{0096BE54-9054-4692-BE4E-7B1ED3D77761}.Debug|Any CPU.ActiveCfg = Debug|Any CPU
		{0096BE54-9054-4692-BE4E-7B1ED3D77761}.Debug|Any CPU.Build.0 = Debug|Any CPU
		{0096BE54-9054-4692-BE4E-7B1ED3D77761}.Release|Any CPU.ActiveCfg = Release|Any CPU
		{0096BE54-9054-4692-BE4E-7B1ED3D77761}.Release|Any CPU.Build.0 = Release|Any CPU
	EndGlobalSection
	GlobalSection(SolutionProperties) = preSolution
		HideSolutionNode = FALSE
	EndGlobalSection
	GlobalSection(ExtensibilityGlobals) = postSolution
		SolutionGuid = {A3A451CF-6791-48A4-98EE-C7B939962BD7}
	EndGlobalSection
EndGlobal
